
Microsoft Visual Studio Solution File, Format Version 12.00
# Visual Studio Version 17
VisualStudioVersion = 17.1.32328.378
MinimumVisualStudioVersion = 10.0.40219.1
Project("{FAE04EC0-301F-11D3-BF4B-00C04F79EFBC}") = "1491", "1491.csproj", "{E58B07A4-E3AA-47E9-9579-2C0078CB387F}"
EndProject
Global
	GlobalSection(SolutionConfigurationPlatforms) = preSolution
		Debug|Any CPU = Debug|Any CPU
		Release|Any CPU = Release|Any CPU
	EndGlobalSection
	GlobalSection(ProjectConfigurationPlatforms) = postSolution
		{E58B07A4-E3AA-47E9-9579-2C0078CB387F}.Debug|Any CPU.ActiveCfg = Debug|Any CPU
		{E58B07A4-E3AA-47E9-9579-2C0078CB387F}.Debug|Any CPU.Build.0 = Debug|Any CPU
		{E58B07A4-E3AA-47E9-9579-2C0078CB387F}.Release|Any CPU.ActiveCfg = Release|Any CPU
		{E58B07A4-E3AA-47E9-9579-2C0078CB387F}.Release|Any CPU.Build.0 = Release|Any CPU
	EndGlobalSection
	GlobalSection(SolutionProperties) = preSolution
		HideSolutionNode = FALSE
	EndGlobalSection
	GlobalSection(ExtensibilityGlobals) = postSolution
		SolutionGuid = {EE360EE6-7807-4CD2-8280-2EBCCC0C12BD}
	EndGlobalSection
EndGlobal
