
Microsoft Visual Studio Solution File, Format Version 12.00
# Visual Studio Version 17
VisualStudioVersion = 17.3.32929.385
MinimumVisualStudioVersion = 10.0.40219.1
Project("{FAE04EC0-301F-11D3-BF4B-00C04F79EFBC}") = "GCD Euclidean Algorithm", "GCD Euclidean Algorithm\GCD Euclidean Algorithm.csproj", "{9283F91F-10EB-488A-AAE5-A2B79A61F77A}"
EndProject
Global
	GlobalSection(SolutionConfigurationPlatforms) = preSolution
		Debug|Any CPU = Debug|Any CPU
		Release|Any CPU = Release|Any CPU
	EndGlobalSection
	GlobalSection(ProjectConfigurationPlatforms) = postSolution
		{9283F91F-10EB-488A-AAE5-A2B79A61F77A}.Debug|Any CPU.ActiveCfg = Debug|Any CPU
		{9283F91F-10EB-488A-AAE5-A2B79A61F77A}.Debug|Any CPU.Build.0 = Debug|Any CPU
		{9283F91F-10EB-488A-AAE5-A2B79A61F77A}.Release|Any CPU.ActiveCfg = Release|Any CPU
		{9283F91F-10EB-488A-AAE5-A2B79A61F77A}.Release|Any CPU.Build.0 = Release|Any CPU
	EndGlobalSection
	GlobalSection(SolutionProperties) = preSolution
		HideSolutionNode = FALSE
	EndGlobalSection
	GlobalSection(ExtensibilityGlobals) = postSolution
		SolutionGuid = {B05D580A-A947-4A91-BE04-4B7A50184DE1}
	EndGlobalSection
EndGlobal
