
Microsoft Visual Studio Solution File, Format Version 12.00
# Visual Studio Version 17
VisualStudioVersion = 17.1.32328.378
MinimumVisualStudioVersion = 10.0.40219.1
Project("{FAE04EC0-301F-11D3-BF4B-00C04F79EFBC}") = "_2236", "_2236.csproj", "{E286D399-1398-4416-AD0B-224ECF845D59}"
EndProject
Global
	GlobalSection(SolutionConfigurationPlatforms) = preSolution
		Debug|Any CPU = Debug|Any CPU
		Release|Any CPU = Release|Any CPU
	EndGlobalSection
	GlobalSection(ProjectConfigurationPlatforms) = postSolution
		{E286D399-1398-4416-AD0B-224ECF845D59}.Debug|Any CPU.ActiveCfg = Debug|Any CPU
		{E286D399-1398-4416-AD0B-224ECF845D59}.Debug|Any CPU.Build.0 = Debug|Any CPU
		{E286D399-1398-4416-AD0B-224ECF845D59}.Release|Any CPU.ActiveCfg = Release|Any CPU
		{E286D399-1398-4416-AD0B-224ECF845D59}.Release|Any CPU.Build.0 = Release|Any CPU
	EndGlobalSection
	GlobalSection(SolutionProperties) = preSolution
		HideSolutionNode = FALSE
	EndGlobalSection
	GlobalSection(ExtensibilityGlobals) = postSolution
		SolutionGuid = {7BB65AF1-FAA9-4014-9DE5-D9AB3E46A44C}
	EndGlobalSection
EndGlobal
