
Microsoft Visual Studio Solution File, Format Version 12.00
# Visual Studio Version 17
VisualStudioVersion = 17.3.32929.385
MinimumVisualStudioVersion = 10.0.40219.1
Project("{FAE04EC0-301F-11D3-BF4B-00C04F79EFBC}") = "Find All Substrings of a Given String", "Find All Substrings of a Given String\Find All Substrings of a Given String.csproj", "{0F0C5A13-5027-4CA5-927B-49C8B596891C}"
EndProject
Global
	GlobalSection(SolutionConfigurationPlatforms) = preSolution
		Debug|Any CPU = Debug|Any CPU
		Release|Any CPU = Release|Any CPU
	EndGlobalSection
	GlobalSection(ProjectConfigurationPlatforms) = postSolution
		{0F0C5A13-5027-4CA5-927B-49C8B596891C}.Debug|Any CPU.ActiveCfg = Debug|Any CPU
		{0F0C5A13-5027-4CA5-927B-49C8B596891C}.Debug|Any CPU.Build.0 = Debug|Any CPU
		{0F0C5A13-5027-4CA5-927B-49C8B596891C}.Release|Any CPU.ActiveCfg = Release|Any CPU
		{0F0C5A13-5027-4CA5-927B-49C8B596891C}.Release|Any CPU.Build.0 = Release|Any CPU
	EndGlobalSection
	GlobalSection(SolutionProperties) = preSolution
		HideSolutionNode = FALSE
	EndGlobalSection
	GlobalSection(ExtensibilityGlobals) = postSolution
		SolutionGuid = {DCF98237-C3B9-4B3B-A4E4-70C900228717}
	EndGlobalSection
EndGlobal
