
Microsoft Visual Studio Solution File, Format Version 12.00
# Visual Studio Version 17
VisualStudioVersion = 17.3.32929.385
MinimumVisualStudioVersion = 10.0.40219.1
Project("{FAE04EC0-301F-11D3-BF4B-00C04F79EFBC}") = "Remove Duplicate Elements from an Array", "Remove Duplicate Elements from an Array\Remove Duplicate Elements from an Array.csproj", "{1699DD41-E319-40A5-9D35-D858A996A65D}"
EndProject
Global
	GlobalSection(SolutionConfigurationPlatforms) = preSolution
		Debug|Any CPU = Debug|Any CPU
		Release|Any CPU = Release|Any CPU
	EndGlobalSection
	GlobalSection(ProjectConfigurationPlatforms) = postSolution
		{1699DD41-E319-40A5-9D35-D858A996A65D}.Debug|Any CPU.ActiveCfg = Debug|Any CPU
		{1699DD41-E319-40A5-9D35-D858A996A65D}.Debug|Any CPU.Build.0 = Debug|Any CPU
		{1699DD41-E319-40A5-9D35-D858A996A65D}.Release|Any CPU.ActiveCfg = Release|Any CPU
		{1699DD41-E319-40A5-9D35-D858A996A65D}.Release|Any CPU.Build.0 = Release|Any CPU
	EndGlobalSection
	GlobalSection(SolutionProperties) = preSolution
		HideSolutionNode = FALSE
	EndGlobalSection
	GlobalSection(ExtensibilityGlobals) = postSolution
		SolutionGuid = {FBDA15D7-0352-404C-858A-F4A6E3085754}
	EndGlobalSection
EndGlobal
