
Microsoft Visual Studio Solution File, Format Version 12.00
# Visual Studio Version 17
VisualStudioVersion = 17.3.32929.385
MinimumVisualStudioVersion = 10.0.40219.1
Project("{FAE04EC0-301F-11D3-BF4B-00C04F79EFBC}") = "Sum of Digits", "Sum of Digits\Sum of Digits.csproj", "{6CD51FAF-C0D6-4A6F-B72B-9BA15E74F44D}"
EndProject
Global
	GlobalSection(SolutionConfigurationPlatforms) = preSolution
		Debug|Any CPU = Debug|Any CPU
		Release|Any CPU = Release|Any CPU
	EndGlobalSection
	GlobalSection(ProjectConfigurationPlatforms) = postSolution
		{6CD51FAF-C0D6-4A6F-B72B-9BA15E74F44D}.Debug|Any CPU.ActiveCfg = Debug|Any CPU
		{6CD51FAF-C0D6-4A6F-B72B-9BA15E74F44D}.Debug|Any CPU.Build.0 = Debug|Any CPU
		{6CD51FAF-C0D6-4A6F-B72B-9BA15E74F44D}.Release|Any CPU.ActiveCfg = Release|Any CPU
		{6CD51FAF-C0D6-4A6F-B72B-9BA15E74F44D}.Release|Any CPU.Build.0 = Release|Any CPU
	EndGlobalSection
	GlobalSection(SolutionProperties) = preSolution
		HideSolutionNode = FALSE
	EndGlobalSection
	GlobalSection(ExtensibilityGlobals) = postSolution
		SolutionGuid = {4580E7F6-0529-463E-8BB1-547CD3D83764}
	EndGlobalSection
EndGlobal
